
Microsoft Visual Studio Solution File, Format Version 12.00
# Visual Studio Version 17
VisualStudioVersion = 17.10.34707.107
MinimumVisualStudioVersion = 10.0.40219.1
Project("{FAE04EC0-301F-11D3-BF4B-00C04F79EFBC}") = "ABPTestApp", "ABPTestApp\ABPTestApp.csproj", "{3CC1162D-7E32-4309-8648-EA2CA869C233}"
EndProject
Global
	GlobalSection(SolutionConfigurationPlatforms) = preSolution
		Debug|Any CPU = Debug|Any CPU
		Release|Any CPU = Release|Any CPU
	EndGlobalSection
	GlobalSection(ProjectConfigurationPlatforms) = postSolution
		{3CC1162D-7E32-4309-8648-EA2CA869C233}.Debug|Any CPU.ActiveCfg = Debug|Any CPU
		{3CC1162D-7E32-4309-8648-EA2CA869C233}.Debug|Any CPU.Build.0 = Debug|Any CPU
		{3CC1162D-7E32-4309-8648-EA2CA869C233}.Release|Any CPU.ActiveCfg = Release|Any CPU
		{3CC1162D-7E32-4309-8648-EA2CA869C233}.Release|Any CPU.Build.0 = Release|Any CPU
	EndGlobalSection
	GlobalSection(SolutionProperties) = preSolution
		HideSolutionNode = FALSE
	EndGlobalSection
	GlobalSection(ExtensibilityGlobals) = postSolution
		SolutionGuid = {BBC95232-1CDC-41D0-BF44-08787450D547}
	EndGlobalSection
EndGlobal
